
Microsoft Visual Studio Solution File, Format Version 12.00
Project("{FAE04EC0-301F-11D3-BF4B-00C04F79EFBC}") = "SDL.NetCore", "production\SDL.NetCore\SDL.NetCore.csproj", "{CDE535FB-E6E4-4C00-93B9-8D4477DD29CF}"
EndProject
Project("{FAE04EC0-301F-11D3-BF4B-00C04F79EFBC}") = "SDL.NetFramework", "production\SDL.NetFramework\SDL.NetFramework.csproj", "{8CFE77C8-8DCC-4C0F-81DF-A742948E1E29}"
EndProject
Global
	GlobalSection(SolutionConfigurationPlatforms) = preSolution
		Debug|Any CPU = Debug|Any CPU
		Release|Any CPU = Release|Any CPU
	EndGlobalSection
	GlobalSection(ProjectConfigurationPlatforms) = postSolution
		{CDE535FB-E6E4-4C00-93B9-8D4477DD29CF}.Debug|Any CPU.ActiveCfg = Debug|Any CPU
		{CDE535FB-E6E4-4C00-93B9-8D4477DD29CF}.Debug|Any CPU.Build.0 = Debug|Any CPU
		{CDE535FB-E6E4-4C00-93B9-8D4477DD29CF}.Release|Any CPU.ActiveCfg = Release|Any CPU
		{CDE535FB-E6E4-4C00-93B9-8D4477DD29CF}.Release|Any CPU.Build.0 = Release|Any CPU
		{8CFE77C8-8DCC-4C0F-81DF-A742948E1E29}.Debug|Any CPU.ActiveCfg = Debug|Any CPU
		{8CFE77C8-8DCC-4C0F-81DF-A742948E1E29}.Debug|Any CPU.Build.0 = Debug|Any CPU
		{8CFE77C8-8DCC-4C0F-81DF-A742948E1E29}.Release|Any CPU.ActiveCfg = Release|Any CPU
		{8CFE77C8-8DCC-4C0F-81DF-A742948E1E29}.Release|Any CPU.Build.0 = Release|Any CPU
	EndGlobalSection
EndGlobal
